
Microsoft Visual Studio Solution File, Format Version 12.00
# Visual Studio Version 16
VisualStudioVersion = 16.0.31515.178
MinimumVisualStudioVersion = 10.0.40219.1
Project("{9A19103F-16F7-4668-BE54-9A1E7A4F7556}") = "Caixa_Eletrônico", "Caixa_Eletrônico\Caixa_Eletrônico.csproj", "{72B3AE5C-A09B-43B2-834B-656E7852A3DF}"
EndProject
Global
	GlobalSection(SolutionConfigurationPlatforms) = preSolution
		Debug|Any CPU = Debug|Any CPU
		Release|Any CPU = Release|Any CPU
	EndGlobalSection
	GlobalSection(ProjectConfigurationPlatforms) = postSolution
		{72B3AE5C-A09B-43B2-834B-656E7852A3DF}.Debug|Any CPU.ActiveCfg = Debug|Any CPU
		{72B3AE5C-A09B-43B2-834B-656E7852A3DF}.Debug|Any CPU.Build.0 = Debug|Any CPU
		{72B3AE5C-A09B-43B2-834B-656E7852A3DF}.Release|Any CPU.ActiveCfg = Release|Any CPU
		{72B3AE5C-A09B-43B2-834B-656E7852A3DF}.Release|Any CPU.Build.0 = Release|Any CPU
	EndGlobalSection
	GlobalSection(SolutionProperties) = preSolution
		HideSolutionNode = FALSE
	EndGlobalSection
	GlobalSection(ExtensibilityGlobals) = postSolution
		SolutionGuid = {6325B0A0-74A8-4AB7-AFFB-9AB502D1035E}
	EndGlobalSection
EndGlobal
